// !$*UTF8*$!
{
	archiveVersion = 1;
	classes = {
	};
	objectVersion = 77;
	objects = {

/* Begin PBXContainerItemProxy section */
		C8EBC6C12D2FD48600F7F738 /* PBXContainerItemProxy */ = {
			isa = PBXContainerItemProxy;
			containerPortal = C8EBC6A82D2FD48500F7F738 /* Project object */;
			proxyType = 1;
			remoteGlobalIDString = C8EBC6AF2D2FD48500F7F738;
			remoteInfo = Frequensisa;
		};
		C8EBC6CB2D2FD48600F7F738 /* PBXContainerItemProxy */ = {
			isa = PBXContainerItemProxy;
			containerPortal = C8EBC6A82D2FD48500F7F738 /* Project object */;
			proxyType = 1;
			remoteGlobalIDString = C8EBC6AF2D2FD48500F7F738;
			remoteInfo = Frequensisa;
		};
/* End PBXContainerItemProxy section */

/* Begin PBXFileReference section */
		C8EBC6B02D2FD48500F7F738 /* Frequensisa.app */ = {isa = PBXFileReference; explicitFileType = wrapper.application; includeInIndex = 0; path = Frequensisa.app; sourceTree = BUILT_PRODUCTS_DIR; };
		C8EBC6C02D2FD48600F7F738 /* FrequensisaTests.xctest */ = {isa = PBXFileReference; explicitFileType = wrapper.cfbundle; includeInIndex = 0; path = FrequensisaTests.xctest; sourceTree = BUILT_PRODUCTS_DIR; };
		C8EBC6CA2D2FD48600F7F738 /* FrequensisaUITests.xctest */ = {isa = PBXFileReference; explicitFileType = wrapper.cfbundle; includeInIndex = 0; path = FrequensisaUITests.xctest; sourceTree = BUILT_PRODUCTS_DIR; };
/* End PBXFileReference section */

/* Begin PBXFileSystemSynchronizedBuildFileExceptionSet section */
		C85240182D3EB1B8006382B0 /* Exceptions for "Frequensisa" folder in "Frequensisa" target */ = {
			isa = PBXFileSystemSynchronizedBuildFileExceptionSet;
			membershipExceptions = (
				Info.plist,
			);
			target = C8EBC6AF2D2FD48500F7F738 /* Frequensisa */;
		};
/* End PBXFileSystemSynchronizedBuildFileExceptionSet section */

/* Begin PBXFileSystemSynchronizedRootGroup section */
		C8EBC6B22D2FD48500F7F738 /* Frequensisa */ = {
			isa = PBXFileSystemSynchronizedRootGroup;
			exceptions = (
				C85240182D3EB1B8006382B0 /* Exceptions for "Frequensisa" folder in "Frequensisa" target */,
			);
			path = Frequensisa;
			sourceTree = "<group>";
		};
		C8EBC6C32D2FD48600F7F738 /* FrequensisaTests */ = {
			isa = PBXFileSystemSynchronizedRootGroup;
			path = FrequensisaTests;
			sourceTree = "<group>";
		};
		C8EBC6CD2D2FD48600F7F738 /* FrequensisaUITests */ = {
			isa = PBXFileSystemSynchronizedRootGroup;
			path = FrequensisaUITests;
			sourceTree = "<group>";
		};
/* End PBXFileSystemSynchronizedRootGroup section */

/* Begin PBXFrameworksBuildPhase section */
		C8EBC6AD2D2FD48500F7F738 /* Frameworks */ = {
			isa = PBXFrameworksBuildPhase;
			buildActionMask = 2147483647;
			files = (
			);
			runOnlyForDeploymentPostprocessing = 0;
		};
		C8EBC6BD2D2FD48600F7F738 /* Frameworks */ = {
			isa = PBXFrameworksBuildPhase;
			buildActionMask = 2147483647;
			files = (
			);
			runOnlyForDeploymentPostprocessing = 0;
		};
		C8EBC6C72D2FD48600F7F738 /* Frameworks */ = {
			isa = PBXFrameworksBuildPhase;
			buildActionMask = 2147483647;
			files = (
			);
			runOnlyForDeploymentPostprocessing = 0;
		};
/* End PBXFrameworksBuildPhase section */

/* Begin PBXGroup section */
		C8EBC6A72D2FD48500F7F738 = {
			isa = PBXGroup;
			children = (
				C8EBC6B22D2FD48500F7F738 /* Frequensisa */,
				C8EBC6C32D2FD48600F7F738 /* FrequensisaTests */,
				C8EBC6CD2D2FD48600F7F738 /* FrequensisaUITests */,
				C8EBC6B12D2FD48500F7F738 /* Products */,
			);
			sourceTree = "<group>";
		};
		C8EBC6B12D2FD48500F7F738 /* Products */ = {
			isa = PBXGroup;
			children = (
				C8EBC6B02D2FD48500F7F738 /* Frequensisa.app */,
				C8EBC6C02D2FD48600F7F738 /* FrequensisaTests.xctest */,
				C8EBC6CA2D2FD48600F7F738 /* FrequensisaUITests.xctest */,
			);
			name = Products;
			sourceTree = "<group>";
		};
/* End PBXGroup section */

/* Begin PBXNativeTarget section */
		C8EBC6AF2D2FD48500F7F738 /* Frequensisa */ = {
			isa = PBXNativeTarget;
			buildConfigurationList = C8EBC6D42D2FD48600F7F738 /* Build configuration list for PBXNativeTarget "Frequensisa" */;
			buildPhases = (
				C8EBC6AC2D2FD48500F7F738 /* Sources */,
				C8EBC6AD2D2FD48500F7F738 /* Frameworks */,
				C8EBC6AE2D2FD48500F7F738 /* Resources */,
			);
			buildRules = (
			);
			dependencies = (
			);
			fileSystemSynchronizedGroups = (
				C8EBC6B22D2FD48500F7F738 /* Frequensisa */,
			);
			name = Frequensisa;
			packageProductDependencies = (
			);
			productName = Frequensisa;
			productReference = C8EBC6B02D2FD48500F7F738 /* Frequensisa.app */;
			productType = "com.apple.product-type.application";
		};
		C8EBC6BF2D2FD48600F7F738 /* FrequensisaTests */ = {
			isa = PBXNativeTarget;
			buildConfigurationList = C8EBC6D72D2FD48600F7F738 /* Build configuration list for PBXNativeTarget "FrequensisaTests" */;
			buildPhases = (
				C8EBC6BC2D2FD48600F7F738 /* Sources */,
				C8EBC6BD2D2FD48600F7F738 /* Frameworks */,
				C8EBC6BE2D2FD48600F7F738 /* Resources */,
			);
			buildRules = (
			);
			dependencies = (
				C8EBC6C22D2FD48600F7F738 /* PBXTargetDependency */,
			);
			fileSystemSynchronizedGroups = (
				C8EBC6C32D2FD48600F7F738 /* FrequensisaTests */,
			);
			name = FrequensisaTests;
			packageProductDependencies = (
			);
			productName = FrequensisaTests;
			productReference = C8EBC6C02D2FD48600F7F738 /* FrequensisaTests.xctest */;
			productType = "com.apple.product-type.bundle.unit-test";
		};
		C8EBC6C92D2FD48600F7F738 /* FrequensisaUITests */ = {
			isa = PBXNativeTarget;
			buildConfigurationList = C8EBC6DA2D2FD48600F7F738 /* Build configuration list for PBXNativeTarget "FrequensisaUITests" */;
			buildPhases = (
				C8EBC6C62D2FD48600F7F738 /* Sources */,
				C8EBC6C72D2FD48600F7F738 /* Frameworks */,
				C8EBC6C82D2FD48600F7F738 /* Resources */,
			);
			buildRules = (
			);
			dependencies = (
				C8EBC6CC2D2FD48600F7F738 /* PBXTargetDependency */,
			);
			fileSystemSynchronizedGroups = (
				C8EBC6CD2D2FD48600F7F738 /* FrequensisaUITests */,
			);
			name = FrequensisaUITests;
			packageProductDependencies = (
			);
			productName = FrequensisaUITests;
			productReference = C8EBC6CA2D2FD48600F7F738 /* FrequensisaUITests.xctest */;
			productType = "com.apple.product-type.bundle.ui-testing";
		};
/* End PBXNativeTarget section */

/* Begin PBXProject section */
		C8EBC6A82D2FD48500F7F738 /* Project object */ = {
			isa = PBXProject;
			attributes = {
				BuildIndependentTargetsInParallel = 1;
				LastSwiftUpdateCheck = 1600;
				LastUpgradeCheck = 1600;
				TargetAttributes = {
					C8EBC6AF2D2FD48500F7F738 = {
						CreatedOnToolsVersion = 16.0;
					};
					C8EBC6BF2D2FD48600F7F738 = {
						CreatedOnToolsVersion = 16.0;
						TestTargetID = C8EBC6AF2D2FD48500F7F738;
					};
					C8EBC6C92D2FD48600F7F738 = {
						CreatedOnToolsVersion = 16.0;
						TestTargetID = C8EBC6AF2D2FD48500F7F738;
					};
				};
			};
			buildConfigurationList = C8EBC6AB2D2FD48500F7F738 /* Build configuration list for PBXProject "Frequensisa" */;
			developmentRegion = en;
			hasScannedForEncodings = 0;
			knownRegions = (
				en,
				Base,
			);
			mainGroup = C8EBC6A72D2FD48500F7F738;
			minimizedProjectReferenceProxies = 1;
			preferredProjectObjectVersion = 77;
			productRefGroup = C8EBC6B12D2FD48500F7F738 /* Products */;
			projectDirPath = "";
			projectRoot = "";
			targets = (
				C8EBC6AF2D2FD48500F7F738 /* Frequensisa */,
				C8EBC6BF2D2FD48600F7F738 /* FrequensisaTests */,
				C8EBC6C92D2FD48600F7F738 /* FrequensisaUITests */,
			);
		};
/* End PBXProject section */

/* Begin PBXResourcesBuildPhase section */
		C8EBC6AE2D2FD48500F7F738 /* Resources */ = {
			isa = PBXResourcesBuildPhase;
			buildActionMask = 2147483647;
			files = (
			);
			runOnlyForDeploymentPostprocessing = 0;
		};
		C8EBC6BE2D2FD48600F7F738 /* Resources */ = {
			isa = PBXResourcesBuildPhase;
			buildActionMask = 2147483647;
			files = (
			);
			runOnlyForDeploymentPostprocessing = 0;
		};
		C8EBC6C82D2FD48600F7F738 /* Resources */ = {
			isa = PBXResourcesBuildPhase;
			buildActionMask = 2147483647;
			files = (
			);
			runOnlyForDeploymentPostprocessing = 0;
		};
/* End PBXResourcesBuildPhase section */

/* Begin PBXSourcesBuildPhase section */
		C8EBC6AC2D2FD48500F7F738 /* Sources */ = {
			isa = PBXSourcesBuildPhase;
			buildActionMask = 2147483647;
			files = (
			);
			runOnlyForDeploymentPostprocessing = 0;
		};
		C8EBC6BC2D2FD48600F7F738 /* Sources */ = {
			isa = PBXSourcesBuildPhase;
			buildActionMask = 2147483647;
			files = (
			);
			runOnlyForDeploymentPostprocessing = 0;
		};
		C8EBC6C62D2FD48600F7F738 /* Sources */ = {
			isa = PBXSourcesBuildPhase;
			buildActionMask = 2147483647;
			files = (
			);
			runOnlyForDeploymentPostprocessing = 0;
		};
/* End PBXSourcesBuildPhase section */

/* Begin PBXTargetDependency section */
		C8EBC6C22D2FD48600F7F738 /* PBXTargetDependency */ = {
			isa = PBXTargetDependency;
			target = C8EBC6AF2D2FD48500F7F738 /* Frequensisa */;
			targetProxy = C8EBC6C12D2FD48600F7F738 /* PBXContainerItemProxy */;
		};
		C8EBC6CC2D2FD48600F7F738 /* PBXTargetDependency */ = {
			isa = PBXTargetDependency;
			target = C8EBC6AF2D2FD48500F7F738 /* Frequensisa */;
			targetProxy = C8EBC6CB2D2FD48600F7F738 /* PBXContainerItemProxy */;
		};
/* End PBXTargetDependency section */

/* Begin XCBuildConfiguration section */
		C8EBC6D22D2FD48600F7F738 /* Debug */ = {
			isa = XCBuildConfiguration;
			buildSettings = {
				ALWAYS_SEARCH_USER_PATHS = NO;
				ASSETCATALOG_COMPILER_GENERATE_SWIFT_ASSET_SYMBOL_EXTENSIONS = YES;
				CLANG_ANALYZER_NONNULL = YES;
				CLANG_ANALYZER_NUMBER_OBJECT_CONVERSION = YES_AGGRESSIVE;
				CLANG_CXX_LANGUAGE_STANDARD = "gnu++20";
				CLANG_ENABLE_MODULES = YES;
				CLANG_ENABLE_OBJC_ARC = YES;
				CLANG_ENABLE_OBJC_WEAK = YES;
				CLANG_WARN_BLOCK_CAPTURE_AUTORELEASING = YES;
				CLANG_WARN_BOOL_CONVERSION = YES;
				CLANG_WARN_COMMA = YES;
				CLANG_WARN_CONSTANT_CONVERSION = YES;
				CLANG_WARN_DEPRECATED_OBJC_IMPLEMENTATIONS = YES;
				CLANG_WARN_DIRECT_OBJC_ISA_USAGE = YES_ERROR;
				CLANG_WARN_DOCUMENTATION_COMMENTS = YES;
				CLANG_WARN_EMPTY_BODY = YES;
				CLANG_WARN_ENUM_CONVERSION = YES;
				CLANG_WARN_INFINITE_RECURSION = YES;
				CLANG_WARN_INT_CONVERSION = YES;
				CLANG_WARN_NON_LITERAL_NULL_CONVERSION = YES;
				CLANG_WARN_OBJC_IMPLICIT_RETAIN_SELF = YES;
				CLANG_WARN_OBJC_LITERAL_CONVERSION = YES;
				CLANG_WARN_OBJC_ROOT_CLASS = YES_ERROR;
				CLANG_WARN_QUOTED_INCLUDE_IN_FRAMEWORK_HEADER = YES;
				CLANG_WARN_RANGE_LOOP_ANALYSIS = YES;
				CLANG_WARN_STRICT_PROTOTYPES = YES;
				CLANG_WARN_SUSPICIOUS_MOVE = YES;
				CLANG_WARN_UNGUARDED_AVAILABILITY = YES_AGGRESSIVE;
				CLANG_WARN_UNREACHABLE_CODE = YES;
				CLANG_WARN__DUPLICATE_METHOD_MATCH = YES;
				COPY_PHASE_STRIP = NO;
				DEBUG_INFORMATION_FORMAT = dwarf;
				ENABLE_STRICT_OBJC_MSGSEND = YES;
				ENABLE_TESTABILITY = YES;
				ENABLE_USER_SCRIPT_SANDBOXING = YES;
				GCC_C_LANGUAGE_STANDARD = gnu17;
				GCC_DYNAMIC_NO_PIC = NO;
				GCC_NO_COMMON_BLOCKS = YES;
				GCC_OPTIMIZATION_LEVEL = 0;
				GCC_PREPROCESSOR_DEFINITIONS = (
					"DEBUG=1",
					"$(inherited)",
				);
				GCC_WARN_64_TO_32_BIT_CONVERSION = YES;
				GCC_WARN_ABOUT_RETURN_TYPE = YES_ERROR;
				GCC_WARN_UNDECLARED_SELECTOR = YES;
				GCC_WARN_UNINITIALIZED_AUTOS = YES_AGGRESSIVE;
				GCC_WARN_UNUSED_FUNCTION = YES;
				GCC_WARN_UNUSED_VARIABLE = YES;
				IPHONEOS_DEPLOYMENT_TARGET = 18.0;
				LOCALIZATION_PREFERS_STRING_CATALOGS = YES;
				MTL_ENABLE_DEBUG_INFO = INCLUDE_SOURCE;
				MTL_FAST_MATH = YES;
				ONLY_ACTIVE_ARCH = YES;
				SDKROOT = iphoneos;
				SWIFT_ACTIVE_COMPILATION_CONDITIONS = "DEBUG $(inherited)";
				SWIFT_OPTIMIZATION_LEVEL = "-Onone";
			};
			name = Debug;
		};
		C8EBC6D32D2FD48600F7F738 /* Release */ = {
			isa = XCBuildConfiguration;
			buildSettings = {
				ALWAYS_SEARCH_USER_PATHS = NO;
				ASSETCATALOG_COMPILER_GENERATE_SWIFT_ASSET_SYMBOL_EXTENSIONS = YES;
				CLANG_ANALYZER_NONNULL = YES;
				CLANG_ANALYZER_NUMBER_OBJECT_CONVERSION = YES_AGGRESSIVE;
				CLANG_CXX_LANGUAGE_STANDARD = "gnu++20";
				CLANG_ENABLE_MODULES = YES;
				CLANG_ENABLE_OBJC_ARC = YES;
				CLANG_ENABLE_OBJC_WEAK = YES;
				CLANG_WARN_BLOCK_CAPTURE_AUTORELEASING = YES;
				CLANG_WARN_BOOL_CONVERSION = YES;
				CLANG_WARN_COMMA = YES;
				CLANG_WARN_CONSTANT_CONVERSION = YES;
				CLANG_WARN_DEPRECATED_OBJC_IMPLEMENTATIONS = YES;
				CLANG_WARN_DIRECT_OBJC_ISA_USAGE = YES_ERROR;
				CLANG_WARN_DOCUMENTATION_COMMENTS = YES;
				CLANG_WARN_EMPTY_BODY = YES;
				CLANG_WARN_ENUM_CONVERSION = YES;
				CLANG_WARN_INFINITE_RECURSION = YES;
				CLANG_WARN_INT_CONVERSION = YES;
				CLANG_WARN_NON_LITERAL_NULL_CONVERSION = YES;
				CLANG_WARN_OBJC_IMPLICIT_RETAIN_SELF = YES;
				CLANG_WARN_OBJC_LITERAL_CONVERSION = YES;
				CLANG_WARN_OBJC_ROOT_CLASS = YES_ERROR;
				CLANG_WARN_QUOTED_INCLUDE_IN_FRAMEWORK_HEADER = YES;
				CLANG_WARN_RANGE_LOOP_ANALYSIS = YES;
				CLANG_WARN_STRICT_PROTOTYPES = YES;
				CLANG_WARN_SUSPICIOUS_MOVE = YES;
				CLANG_WARN_UNGUARDED_AVAILABILITY = YES_AGGRESSIVE;
				CLANG_WARN_UNREACHABLE_CODE = YES;
				CLANG_WARN__DUPLICATE_METHOD_MATCH = YES;
				COPY_PHASE_STRIP = NO;
				DEBUG_INFORMATION_FORMAT = "dwarf-with-dsym";
				ENABLE_NS_ASSERTIONS = NO;
				ENABLE_STRICT_OBJC_MSGSEND = YES;
				ENABLE_USER_SCRIPT_SANDBOXING = YES;
				GCC_C_LANGUAGE_STANDARD = gnu17;
				GCC_NO_COMMON_BLOCKS = YES;
				GCC_WARN_64_TO_32_BIT_CONVERSION = YES;
				GCC_WARN_ABOUT_RETURN_TYPE = YES_ERROR;
				GCC_WARN_UNDECLARED_SELECTOR = YES;
				GCC_WARN_UNINITIALIZED_AUTOS = YES_AGGRESSIVE;
				GCC_WARN_UNUSED_FUNCTION = YES;
				GCC_WARN_UNUSED_VARIABLE = YES;
				IPHONEOS_DEPLOYMENT_TARGET = 18.0;
				LOCALIZATION_PREFERS_STRING_CATALOGS = YES;
				MTL_ENABLE_DEBUG_INFO = NO;
				MTL_FAST_MATH = YES;
				SDKROOT = iphoneos;
				SWIFT_COMPILATION_MODE = wholemodule;
				VALIDATE_PRODUCT = YES;
			};
			name = Release;
		};
		C8EBC6D52D2FD48600F7F738 /* Debug */ = {
			isa = XCBuildConfiguration;
			buildSettings = {
				ASSETCATALOG_COMPILER_APPICON_NAME = AppIcon;
				ASSETCATALOG_COMPILER_GLOBAL_ACCENT_COLOR_NAME = AccentColor;
				CODE_SIGN_STYLE = Automatic;
				CURRENT_PROJECT_VERSION = 1;
				DEVELOPMENT_ASSET_PATHS = "\"Frequensisa/Preview Content\"";
				ENABLE_PREVIEWS = YES;
				GENERATE_INFOPLIST_FILE = YES;
				INFOPLIST_FILE = Frequensisa/Info.plist;
				INFOPLIST_KEY_UIApplicationSceneManifest_Generation = YES;
				INFOPLIST_KEY_UIApplicationSupportsIndirectInputEvents = YES;
				INFOPLIST_KEY_UILaunchScreen_Generation = YES;
				INFOPLIST_KEY_UISupportedInterfaceOrientations_iPad = "UIInterfaceOrientationPortrait UIInterfaceOrientationPortraitUpsideDown UIInterfaceOrientationLandscapeLeft UIInterfaceOrientationLandscapeRight";
				INFOPLIST_KEY_UISupportedInterfaceOrientations_iPhone = "UIInterfaceOrientationPortrait UIInterfaceOrientationLandscapeLeft UIInterfaceOrientationLandscapeRight";
				LD_RUNPATH_SEARCH_PATHS = (
					"$(inherited)",
					"@executable_path/Frameworks",
				);
				MARKETING_VERSION = 1.0;
				PRODUCT_BUNDLE_IDENTIFIER = fr.bwetterwald.Frequensisa;
				PRODUCT_NAME = "$(TARGET_NAME)";
				SWIFT_EMIT_LOC_STRINGS = YES;
				SWIFT_VERSION = 5.0;
				TARGETED_DEVICE_FAMILY = "1,2";
			};
			name = Debug;
		};
		C8EBC6D62D2FD48600F7F738 /* Release */ = {
			isa = XCBuildConfiguration;
			buildSettings = {
				ASSETCATALOG_COMPILER_APPICON_NAME = AppIcon;
				ASSETCATALOG_COMPILER_GLOBAL_ACCENT_COLOR_NAME = AccentColor;
				CODE_SIGN_STYLE = Automatic;
				CURRENT_PROJECT_VERSION = 1;
				DEVELOPMENT_ASSET_PATHS = "\"Frequensisa/Preview Content\"";
				ENABLE_PREVIEWS = YES;
				GENERATE_INFOPLIST_FILE = YES;
				INFOPLIST_FILE = Frequensisa/Info.plist;
				INFOPLIST_KEY_UIApplicationSceneManifest_Generation = YES;
				INFOPLIST_KEY_UIApplicationSupportsIndirectInputEvents = YES;
				INFOPLIST_KEY_UILaunchScreen_Generation = YES;
				INFOPLIST_KEY_UISupportedInterfaceOrientations_iPad = "UIInterfaceOrientationPortrait UIInterfaceOrientationPortraitUpsideDown UIInterfaceOrientationLandscapeLeft UIInterfaceOrientationLandscapeRight";
				INFOPLIST_KEY_UISupportedInterfaceOrientations_iPhone = "UIInterfaceOrientationPortrait UIInterfaceOrientationLandscapeLeft UIInterfaceOrientationLandscapeRight";
				LD_RUNPATH_SEARCH_PATHS = (
					"$(inherited)",
					"@executable_path/Frameworks",
				);
				MARKETING_VERSION = 1.0;
				PRODUCT_BUNDLE_IDENTIFIER = fr.bwetterwald.Frequensisa;
				PRODUCT_NAME = "$(TARGET_NAME)";
				SWIFT_EMIT_LOC_STRINGS = YES;
				SWIFT_VERSION = 5.0;
				TARGETED_DEVICE_FAMILY = "1,2";
			};
			name = Release;
		};
		C8EBC6D82D2FD48600F7F738 /* Debug */ = {
			isa = XCBuildConfiguration;
			buildSettings = {
				BUNDLE_LOADER = "$(TEST_HOST)";
				CODE_SIGN_STYLE = Automatic;
				CURRENT_PROJECT_VERSION = 1;
				GENERATE_INFOPLIST_FILE = YES;
				IPHONEOS_DEPLOYMENT_TARGET = 18.0;
				MARKETING_VERSION = 1.0;
				PRODUCT_BUNDLE_IDENTIFIER = fr.bwetterwald.FrequensisaTests;
				PRODUCT_NAME = "$(TARGET_NAME)";
				SWIFT_EMIT_LOC_STRINGS = NO;
				SWIFT_VERSION = 5.0;
				TARGETED_DEVICE_FAMILY = "1,2";
				TEST_HOST = "$(BUILT_PRODUCTS_DIR)/Frequensisa.app/$(BUNDLE_EXECUTABLE_FOLDER_PATH)/Frequensisa";
			};
			name = Debug;
		};
		C8EBC6D92D2FD48600F7F738 /* Release */ = {
			isa = XCBuildConfiguration;
			buildSettings = {
				BUNDLE_LOADER = "$(TEST_HOST)";
				CODE_SIGN_STYLE = Automatic;
				CURRENT_PROJECT_VERSION = 1;
				GENERATE_INFOPLIST_FILE = YES;
				IPHONEOS_DEPLOYMENT_TARGET = 18.0;
				MARKETING_VERSION = 1.0;
				PRODUCT_BUNDLE_IDENTIFIER = fr.bwetterwald.FrequensisaTests;
				PRODUCT_NAME = "$(TARGET_NAME)";
				SWIFT_EMIT_LOC_STRINGS = NO;
				SWIFT_VERSION = 5.0;
				TARGETED_DEVICE_FAMILY = "1,2";
				TEST_HOST = "$(BUILT_PRODUCTS_DIR)/Frequensisa.app/$(BUNDLE_EXECUTABLE_FOLDER_PATH)/Frequensisa";
			};
			name = Release;
		};
		C8EBC6DB2D2FD48600F7F738 /* Debug */ = {
			isa = XCBuildConfiguration;
			buildSettings = {
				CODE_SIGN_STYLE = Automatic;
				CURRENT_PROJECT_VERSION = 1;
				GENERATE_INFOPLIST_FILE = YES;
				MARKETING_VERSION = 1.0;
				PRODUCT_BUNDLE_IDENTIFIER = fr.bwetterwald.FrequensisaUITests;
				PRODUCT_NAME = "$(TARGET_NAME)";
				SWIFT_EMIT_LOC_STRINGS = NO;
				SWIFT_VERSION = 5.0;
				TARGETED_DEVICE_FAMILY = "1,2";
				TEST_TARGET_NAME = Frequensisa;
			};
			name = Debug;
		};
		C8EBC6DC2D2FD48600F7F738 /* Release */ = {
			isa = XCBuildConfiguration;
			buildSettings = {
				CODE_SIGN_STYLE = Automatic;
				CURRENT_PROJECT_VERSION = 1;
				GENERATE_INFOPLIST_FILE = YES;
				MARKETING_VERSION = 1.0;
				PRODUCT_BUNDLE_IDENTIFIER = fr.bwetterwald.FrequensisaUITests;
				PRODUCT_NAME = "$(TARGET_NAME)";
				SWIFT_EMIT_LOC_STRINGS = NO;
				SWIFT_VERSION = 5.0;
				TARGETED_DEVICE_FAMILY = "1,2";
				TEST_TARGET_NAME = Frequensisa;
			};
			name = Release;
		};
/* End XCBuildConfiguration section */

/* Begin XCConfigurationList section */
		C8EBC6AB2D2FD48500F7F738 /* Build configuration list for PBXProject "Frequensisa" */ = {
			isa = XCConfigurationList;
			buildConfigurations = (
				C8EBC6D22D2FD48600F7F738 /* Debug */,
				C8EBC6D32D2FD48600F7F738 /* Release */,
			);
			defaultConfigurationIsVisible = 0;
			defaultConfigurationName = Release;
		};
		C8EBC6D42D2FD48600F7F738 /* Build configuration list for PBXNativeTarget "Frequensisa" */ = {
			isa = XCConfigurationList;
			buildConfigurations = (
				C8EBC6D52D2FD48600F7F738 /* Debug */,
				C8EBC6D62D2FD48600F7F738 /* Release */,
			);
			defaultConfigurationIsVisible = 0;
			defaultConfigurationName = Release;
		};
		C8EBC6D72D2FD48600F7F738 /* Build configuration list for PBXNativeTarget "FrequensisaTests" */ = {
			isa = XCConfigurationList;
			buildConfigurations = (
				C8EBC6D82D2FD48600F7F738 /* Debug */,
				C8EBC6D92D2FD48600F7F738 /* Release */,
			);
			defaultConfigurationIsVisible = 0;
			defaultConfigurationName = Release;
		};
		C8EBC6DA2D2FD48600F7F738 /* Build configuration list for PBXNativeTarget "FrequensisaUITests" */ = {
			isa = XCConfigurationList;
			buildConfigurations = (
				C8EBC6DB2D2FD48600F7F738 /* Debug */,
				C8EBC6DC2D2FD48600F7F738 /* Release */,
			);
			defaultConfigurationIsVisible = 0;
			defaultConfigurationName = Release;
		};
/* End XCConfigurationList section */
	};
	rootObject = C8EBC6A82D2FD48500F7F738 /* Project object */;
}
